
Microsoft Visual Studio Solution File, Format Version 12.00
# Visual Studio 2012
Project("{FAE04EC0-301F-11D3-BF4B-00C04F79EFBC}") = "MyApplication.Core", "MyApplication\MyApplication.Core\MyApplication.Core.csproj", "{5BD562E0-1E91-45AF-9365-BF54FF7929C1}"
EndProject
Project("{FAE04EC0-301F-11D3-BF4B-00C04F79EFBC}") = "MyApplication.UI.Droid", "MyApplication\MyApplication.UI.Droid\MyApplication.UI.Droid.csproj", "{AF507054-5204-4A71-B3B3-0D840A70E8C3}"
EndProject
Project("{FAE04EC0-301F-11D3-BF4B-00C04F79EFBC}") = "MyApplication.UI.Touch", "MyApplication\MyApplication.UI.Touch\MyApplication.UI.Touch.csproj", "{B7E01373-B71D-495C-B10F-AEFCC3139D3B}"
EndProject
Project("{FAE04EC0-301F-11D3-BF4B-00C04F79EFBC}") = "MyApplication.UI.WindowStore", "MyApplication\MyApplication.UI.WinRT\MyApplication.UI.WindowStore.csproj", "{B6BF60EB-4F3A-47C1-91F4-EAC69A3E3E92}"
EndProject
Project("{FAE04EC0-301F-11D3-BF4B-00C04F79EFBC}") = "MyApplication.UI.WP7", "MyApplication\MyApplication.UI.WP7\MyApplication.UI.WP7.csproj", "{8FDF1D8C-BD49-40BD-B04A-9FDBD0AFE088}"
EndProject
Global
	GlobalSection(SolutionConfigurationPlatforms) = preSolution
		Ad-Hoc|Any CPU = Ad-Hoc|Any CPU
		Ad-Hoc|ARM = Ad-Hoc|ARM
		Ad-Hoc|iPhone = Ad-Hoc|iPhone
		Ad-Hoc|iPhoneSimulator = Ad-Hoc|iPhoneSimulator
		Ad-Hoc|Mixed Platforms = Ad-Hoc|Mixed Platforms
		Ad-Hoc|x64 = Ad-Hoc|x64
		Ad-Hoc|x86 = Ad-Hoc|x86
		AppStore|Any CPU = AppStore|Any CPU
		AppStore|ARM = AppStore|ARM
		AppStore|iPhone = AppStore|iPhone
		AppStore|iPhoneSimulator = AppStore|iPhoneSimulator
		AppStore|Mixed Platforms = AppStore|Mixed Platforms
		AppStore|x64 = AppStore|x64
		AppStore|x86 = AppStore|x86
		Debug|Any CPU = Debug|Any CPU
		Debug|ARM = Debug|ARM
		Debug|iPhone = Debug|iPhone
		Debug|iPhoneSimulator = Debug|iPhoneSimulator
		Debug|Mixed Platforms = Debug|Mixed Platforms
		Debug|x64 = Debug|x64
		Debug|x86 = Debug|x86
		Release|Any CPU = Release|Any CPU
		Release|ARM = Release|ARM
		Release|iPhone = Release|iPhone
		Release|iPhoneSimulator = Release|iPhoneSimulator
		Release|Mixed Platforms = Release|Mixed Platforms
		Release|x64 = Release|x64
		Release|x86 = Release|x86
	EndGlobalSection
	GlobalSection(ProjectConfigurationPlatforms) = postSolution
		{5BD562E0-1E91-45AF-9365-BF54FF7929C1}.Ad-Hoc|Any CPU.ActiveCfg = Release|Any CPU
		{5BD562E0-1E91-45AF-9365-BF54FF7929C1}.Ad-Hoc|Any CPU.Build.0 = Release|Any CPU
		{5BD562E0-1E91-45AF-9365-BF54FF7929C1}.Ad-Hoc|ARM.ActiveCfg = Release|Any CPU
		{5BD562E0-1E91-45AF-9365-BF54FF7929C1}.Ad-Hoc|iPhone.ActiveCfg = Debug|Any CPU
		{5BD562E0-1E91-45AF-9365-BF54FF7929C1}.Ad-Hoc|iPhone.Build.0 = Debug|Any CPU
		{5BD562E0-1E91-45AF-9365-BF54FF7929C1}.Ad-Hoc|iPhoneSimulator.ActiveCfg = Release|Any CPU
		{5BD562E0-1E91-45AF-9365-BF54FF7929C1}.Ad-Hoc|Mixed Platforms.ActiveCfg = Release|Any CPU
		{5BD562E0-1E91-45AF-9365-BF54FF7929C1}.Ad-Hoc|Mixed Platforms.Build.0 = Release|Any CPU
		{5BD562E0-1E91-45AF-9365-BF54FF7929C1}.Ad-Hoc|x64.ActiveCfg = Release|Any CPU
		{5BD562E0-1E91-45AF-9365-BF54FF7929C1}.Ad-Hoc|x86.ActiveCfg = Release|Any CPU
		{5BD562E0-1E91-45AF-9365-BF54FF7929C1}.AppStore|Any CPU.ActiveCfg = Release|Any CPU
		{5BD562E0-1E91-45AF-9365-BF54FF7929C1}.AppStore|Any CPU.Build.0 = Release|Any CPU
		{5BD562E0-1E91-45AF-9365-BF54FF7929C1}.AppStore|ARM.ActiveCfg = Release|Any CPU
		{5BD562E0-1E91-45AF-9365-BF54FF7929C1}.AppStore|iPhone.ActiveCfg = Debug|Any CPU
		{5BD562E0-1E91-45AF-9365-BF54FF7929C1}.AppStore|iPhone.Build.0 = Debug|Any CPU
		{5BD562E0-1E91-45AF-9365-BF54FF7929C1}.AppStore|iPhoneSimulator.ActiveCfg = Release|Any CPU
		{5BD562E0-1E91-45AF-9365-BF54FF7929C1}.AppStore|Mixed Platforms.ActiveCfg = Release|Any CPU
		{5BD562E0-1E91-45AF-9365-BF54FF7929C1}.AppStore|Mixed Platforms.Build.0 = Release|Any CPU
		{5BD562E0-1E91-45AF-9365-BF54FF7929C1}.AppStore|x64.ActiveCfg = Release|Any CPU
		{5BD562E0-1E91-45AF-9365-BF54FF7929C1}.AppStore|x86.ActiveCfg = Release|Any CPU
		{5BD562E0-1E91-45AF-9365-BF54FF7929C1}.Debug|Any CPU.ActiveCfg = Debug|Any CPU
		{5BD562E0-1E91-45AF-9365-BF54FF7929C1}.Debug|Any CPU.Build.0 = Debug|Any CPU
		{5BD562E0-1E91-45AF-9365-BF54FF7929C1}.Debug|ARM.ActiveCfg = Debug|Any CPU
		{5BD562E0-1E91-45AF-9365-BF54FF7929C1}.Debug|iPhone.ActiveCfg = Debug|Any CPU
		{5BD562E0-1E91-45AF-9365-BF54FF7929C1}.Debug|iPhone.Build.0 = Debug|Any CPU
		{5BD562E0-1E91-45AF-9365-BF54FF7929C1}.Debug|iPhoneSimulator.ActiveCfg = Debug|Any CPU
		{5BD562E0-1E91-45AF-9365-BF54FF7929C1}.Debug|iPhoneSimulator.Build.0 = Debug|Any CPU
		{5BD562E0-1E91-45AF-9365-BF54FF7929C1}.Debug|Mixed Platforms.ActiveCfg = Debug|Any CPU
		{5BD562E0-1E91-45AF-9365-BF54FF7929C1}.Debug|Mixed Platforms.Build.0 = Debug|Any CPU
		{5BD562E0-1E91-45AF-9365-BF54FF7929C1}.Debug|x64.ActiveCfg = Debug|Any CPU
		{5BD562E0-1E91-45AF-9365-BF54FF7929C1}.Debug|x86.ActiveCfg = Debug|Any CPU
		{5BD562E0-1E91-45AF-9365-BF54FF7929C1}.Release|Any CPU.ActiveCfg = Release|Any CPU
		{5BD562E0-1E91-45AF-9365-BF54FF7929C1}.Release|Any CPU.Build.0 = Release|Any CPU
		{5BD562E0-1E91-45AF-9365-BF54FF7929C1}.Release|ARM.ActiveCfg = Release|Any CPU
		{5BD562E0-1E91-45AF-9365-BF54FF7929C1}.Release|iPhone.ActiveCfg = Release|Any CPU
		{5BD562E0-1E91-45AF-9365-BF54FF7929C1}.Release|iPhone.Build.0 = Release|Any CPU
		{5BD562E0-1E91-45AF-9365-BF54FF7929C1}.Release|iPhoneSimulator.ActiveCfg = Release|Any CPU
		{5BD562E0-1E91-45AF-9365-BF54FF7929C1}.Release|iPhoneSimulator.Build.0 = Release|Any CPU
		{5BD562E0-1E91-45AF-9365-BF54FF7929C1}.Release|Mixed Platforms.ActiveCfg = Release|Any CPU
		{5BD562E0-1E91-45AF-9365-BF54FF7929C1}.Release|Mixed Platforms.Build.0 = Release|Any CPU
		{5BD562E0-1E91-45AF-9365-BF54FF7929C1}.Release|x64.ActiveCfg = Release|Any CPU
		{5BD562E0-1E91-45AF-9365-BF54FF7929C1}.Release|x86.ActiveCfg = Release|Any CPU
		{AF507054-5204-4A71-B3B3-0D840A70E8C3}.Ad-Hoc|Any CPU.ActiveCfg = Release|Any CPU
		{AF507054-5204-4A71-B3B3-0D840A70E8C3}.Ad-Hoc|Any CPU.Build.0 = Release|Any CPU
		{AF507054-5204-4A71-B3B3-0D840A70E8C3}.Ad-Hoc|Any CPU.Deploy.0 = Release|Any CPU
		{AF507054-5204-4A71-B3B3-0D840A70E8C3}.Ad-Hoc|ARM.ActiveCfg = Release|Any CPU
		{AF507054-5204-4A71-B3B3-0D840A70E8C3}.Ad-Hoc|iPhone.ActiveCfg = Debug|Any CPU
		{AF507054-5204-4A71-B3B3-0D840A70E8C3}.Ad-Hoc|iPhone.Build.0 = Debug|Any CPU
		{AF507054-5204-4A71-B3B3-0D840A70E8C3}.Ad-Hoc|iPhoneSimulator.ActiveCfg = Release|Any CPU
		{AF507054-5204-4A71-B3B3-0D840A70E8C3}.Ad-Hoc|Mixed Platforms.ActiveCfg = Release|Any CPU
		{AF507054-5204-4A71-B3B3-0D840A70E8C3}.Ad-Hoc|Mixed Platforms.Build.0 = Release|Any CPU
		{AF507054-5204-4A71-B3B3-0D840A70E8C3}.Ad-Hoc|Mixed Platforms.Deploy.0 = Release|Any CPU
		{AF507054-5204-4A71-B3B3-0D840A70E8C3}.Ad-Hoc|x64.ActiveCfg = Release|Any CPU
		{AF507054-5204-4A71-B3B3-0D840A70E8C3}.Ad-Hoc|x86.ActiveCfg = Release|Any CPU
		{AF507054-5204-4A71-B3B3-0D840A70E8C3}.AppStore|Any CPU.ActiveCfg = Release|Any CPU
		{AF507054-5204-4A71-B3B3-0D840A70E8C3}.AppStore|Any CPU.Build.0 = Release|Any CPU
		{AF507054-5204-4A71-B3B3-0D840A70E8C3}.AppStore|Any CPU.Deploy.0 = Release|Any CPU
		{AF507054-5204-4A71-B3B3-0D840A70E8C3}.AppStore|ARM.ActiveCfg = Release|Any CPU
		{AF507054-5204-4A71-B3B3-0D840A70E8C3}.AppStore|iPhone.ActiveCfg = Debug|Any CPU
		{AF507054-5204-4A71-B3B3-0D840A70E8C3}.AppStore|iPhone.Build.0 = Debug|Any CPU
		{AF507054-5204-4A71-B3B3-0D840A70E8C3}.AppStore|iPhoneSimulator.ActiveCfg = Release|Any CPU
		{AF507054-5204-4A71-B3B3-0D840A70E8C3}.AppStore|Mixed Platforms.ActiveCfg = Release|Any CPU
		{AF507054-5204-4A71-B3B3-0D840A70E8C3}.AppStore|Mixed Platforms.Build.0 = Release|Any CPU
		{AF507054-5204-4A71-B3B3-0D840A70E8C3}.AppStore|Mixed Platforms.Deploy.0 = Release|Any CPU
		{AF507054-5204-4A71-B3B3-0D840A70E8C3}.AppStore|x64.ActiveCfg = Release|Any CPU
		{AF507054-5204-4A71-B3B3-0D840A70E8C3}.AppStore|x86.ActiveCfg = Release|Any CPU
		{AF507054-5204-4A71-B3B3-0D840A70E8C3}.Debug|Any CPU.ActiveCfg = Debug|Any CPU
		{AF507054-5204-4A71-B3B3-0D840A70E8C3}.Debug|Any CPU.Build.0 = Debug|Any CPU
		{AF507054-5204-4A71-B3B3-0D840A70E8C3}.Debug|ARM.ActiveCfg = Debug|Any CPU
		{AF507054-5204-4A71-B3B3-0D840A70E8C3}.Debug|iPhone.ActiveCfg = Debug|Any CPU
		{AF507054-5204-4A71-B3B3-0D840A70E8C3}.Debug|iPhone.Build.0 = Debug|Any CPU
		{AF507054-5204-4A71-B3B3-0D840A70E8C3}.Debug|iPhoneSimulator.ActiveCfg = Debug|Any CPU
		{AF507054-5204-4A71-B3B3-0D840A70E8C3}.Debug|iPhoneSimulator.Build.0 = Debug|Any CPU
		{AF507054-5204-4A71-B3B3-0D840A70E8C3}.Debug|Mixed Platforms.ActiveCfg = Debug|Any CPU
		{AF507054-5204-4A71-B3B3-0D840A70E8C3}.Debug|Mixed Platforms.Build.0 = Debug|Any CPU
		{AF507054-5204-4A71-B3B3-0D840A70E8C3}.Debug|Mixed Platforms.Deploy.0 = Debug|Any CPU
		{AF507054-5204-4A71-B3B3-0D840A70E8C3}.Debug|x64.ActiveCfg = Debug|Any CPU
		{AF507054-5204-4A71-B3B3-0D840A70E8C3}.Debug|x86.ActiveCfg = Debug|Any CPU
		{AF507054-5204-4A71-B3B3-0D840A70E8C3}.Release|Any CPU.ActiveCfg = Release|Any CPU
		{AF507054-5204-4A71-B3B3-0D840A70E8C3}.Release|Any CPU.Build.0 = Release|Any CPU
		{AF507054-5204-4A71-B3B3-0D840A70E8C3}.Release|ARM.ActiveCfg = Release|Any CPU
		{AF507054-5204-4A71-B3B3-0D840A70E8C3}.Release|iPhone.ActiveCfg = Release|Any CPU
		{AF507054-5204-4A71-B3B3-0D840A70E8C3}.Release|iPhone.Build.0 = Release|Any CPU
		{AF507054-5204-4A71-B3B3-0D840A70E8C3}.Release|iPhoneSimulator.ActiveCfg = Release|Any CPU
		{AF507054-5204-4A71-B3B3-0D840A70E8C3}.Release|iPhoneSimulator.Build.0 = Release|Any CPU
		{AF507054-5204-4A71-B3B3-0D840A70E8C3}.Release|Mixed Platforms.ActiveCfg = Release|Any CPU
		{AF507054-5204-4A71-B3B3-0D840A70E8C3}.Release|Mixed Platforms.Build.0 = Release|Any CPU
		{AF507054-5204-4A71-B3B3-0D840A70E8C3}.Release|Mixed Platforms.Deploy.0 = Release|Any CPU
		{AF507054-5204-4A71-B3B3-0D840A70E8C3}.Release|x64.ActiveCfg = Release|Any CPU
		{AF507054-5204-4A71-B3B3-0D840A70E8C3}.Release|x86.ActiveCfg = Release|Any CPU
		{B7E01373-B71D-495C-B10F-AEFCC3139D3B}.Ad-Hoc|Any CPU.ActiveCfg = Ad-Hoc|iPhone
		{B7E01373-B71D-495C-B10F-AEFCC3139D3B}.Ad-Hoc|ARM.ActiveCfg = Ad-Hoc|iPhoneSimulator
		{B7E01373-B71D-495C-B10F-AEFCC3139D3B}.Ad-Hoc|iPhone.ActiveCfg = Ad-Hoc|iPhone
		{B7E01373-B71D-495C-B10F-AEFCC3139D3B}.Ad-Hoc|iPhone.Build.0 = Ad-Hoc|iPhone
		{B7E01373-B71D-495C-B10F-AEFCC3139D3B}.Ad-Hoc|iPhoneSimulator.ActiveCfg = Ad-Hoc|iPhone
		{B7E01373-B71D-495C-B10F-AEFCC3139D3B}.Ad-Hoc|Mixed Platforms.ActiveCfg = Ad-Hoc|iPhoneSimulator
		{B7E01373-B71D-495C-B10F-AEFCC3139D3B}.Ad-Hoc|Mixed Platforms.Build.0 = Ad-Hoc|iPhoneSimulator
		{B7E01373-B71D-495C-B10F-AEFCC3139D3B}.Ad-Hoc|x64.ActiveCfg = Ad-Hoc|iPhoneSimulator
		{B7E01373-B71D-495C-B10F-AEFCC3139D3B}.Ad-Hoc|x86.ActiveCfg = Ad-Hoc|iPhoneSimulator
		{B7E01373-B71D-495C-B10F-AEFCC3139D3B}.AppStore|Any CPU.ActiveCfg = AppStore|iPhone
		{B7E01373-B71D-495C-B10F-AEFCC3139D3B}.AppStore|ARM.ActiveCfg = AppStore|iPhoneSimulator
		{B7E01373-B71D-495C-B10F-AEFCC3139D3B}.AppStore|iPhone.ActiveCfg = AppStore|iPhone
		{B7E01373-B71D-495C-B10F-AEFCC3139D3B}.AppStore|iPhone.Build.0 = AppStore|iPhone
		{B7E01373-B71D-495C-B10F-AEFCC3139D3B}.AppStore|iPhoneSimulator.ActiveCfg = AppStore|iPhone
		{B7E01373-B71D-495C-B10F-AEFCC3139D3B}.AppStore|Mixed Platforms.ActiveCfg = AppStore|iPhoneSimulator
		{B7E01373-B71D-495C-B10F-AEFCC3139D3B}.AppStore|Mixed Platforms.Build.0 = AppStore|iPhoneSimulator
		{B7E01373-B71D-495C-B10F-AEFCC3139D3B}.AppStore|x64.ActiveCfg = AppStore|iPhoneSimulator
		{B7E01373-B71D-495C-B10F-AEFCC3139D3B}.AppStore|x86.ActiveCfg = AppStore|iPhoneSimulator
		{B7E01373-B71D-495C-B10F-AEFCC3139D3B}.Debug|Any CPU.ActiveCfg = Debug|iPhoneSimulator
		{B7E01373-B71D-495C-B10F-AEFCC3139D3B}.Debug|Any CPU.Build.0 = Debug|iPhoneSimulator
		{B7E01373-B71D-495C-B10F-AEFCC3139D3B}.Debug|ARM.ActiveCfg = Debug|iPhone
		{B7E01373-B71D-495C-B10F-AEFCC3139D3B}.Debug|iPhone.ActiveCfg = Debug|iPhone
		{B7E01373-B71D-495C-B10F-AEFCC3139D3B}.Debug|iPhone.Build.0 = Debug|iPhone
		{B7E01373-B71D-495C-B10F-AEFCC3139D3B}.Debug|iPhoneSimulator.ActiveCfg = Debug|iPhoneSimulator
		{B7E01373-B71D-495C-B10F-AEFCC3139D3B}.Debug|iPhoneSimulator.Build.0 = Debug|iPhoneSimulator
		{B7E01373-B71D-495C-B10F-AEFCC3139D3B}.Debug|Mixed Platforms.ActiveCfg = Debug|iPhone
		{B7E01373-B71D-495C-B10F-AEFCC3139D3B}.Debug|Mixed Platforms.Build.0 = Debug|iPhone
		{B7E01373-B71D-495C-B10F-AEFCC3139D3B}.Debug|x64.ActiveCfg = Debug|iPhone
		{B7E01373-B71D-495C-B10F-AEFCC3139D3B}.Debug|x86.ActiveCfg = Debug|iPhone
		{B7E01373-B71D-495C-B10F-AEFCC3139D3B}.Release|Any CPU.ActiveCfg = Release|iPhoneSimulator
		{B7E01373-B71D-495C-B10F-AEFCC3139D3B}.Release|Any CPU.Build.0 = Release|iPhoneSimulator
		{B7E01373-B71D-495C-B10F-AEFCC3139D3B}.Release|ARM.ActiveCfg = Release|iPhone
		{B7E01373-B71D-495C-B10F-AEFCC3139D3B}.Release|iPhone.ActiveCfg = Release|iPhone
		{B7E01373-B71D-495C-B10F-AEFCC3139D3B}.Release|iPhone.Build.0 = Release|iPhone
		{B7E01373-B71D-495C-B10F-AEFCC3139D3B}.Release|iPhoneSimulator.ActiveCfg = Release|iPhoneSimulator
		{B7E01373-B71D-495C-B10F-AEFCC3139D3B}.Release|iPhoneSimulator.Build.0 = Release|iPhoneSimulator
		{B7E01373-B71D-495C-B10F-AEFCC3139D3B}.Release|Mixed Platforms.ActiveCfg = Release|iPhone
		{B7E01373-B71D-495C-B10F-AEFCC3139D3B}.Release|Mixed Platforms.Build.0 = Release|iPhone
		{B7E01373-B71D-495C-B10F-AEFCC3139D3B}.Release|x64.ActiveCfg = Release|iPhone
		{B7E01373-B71D-495C-B10F-AEFCC3139D3B}.Release|x86.ActiveCfg = Release|iPhone
		{B6BF60EB-4F3A-47C1-91F4-EAC69A3E3E92}.Ad-Hoc|Any CPU.ActiveCfg = Release|Any CPU
		{B6BF60EB-4F3A-47C1-91F4-EAC69A3E3E92}.Ad-Hoc|Any CPU.Build.0 = Release|Any CPU
		{B6BF60EB-4F3A-47C1-91F4-EAC69A3E3E92}.Ad-Hoc|Any CPU.Deploy.0 = Release|Any CPU
		{B6BF60EB-4F3A-47C1-91F4-EAC69A3E3E92}.Ad-Hoc|ARM.ActiveCfg = Release|ARM
		{B6BF60EB-4F3A-47C1-91F4-EAC69A3E3E92}.Ad-Hoc|ARM.Build.0 = Release|ARM
		{B6BF60EB-4F3A-47C1-91F4-EAC69A3E3E92}.Ad-Hoc|ARM.Deploy.0 = Release|ARM
		{B6BF60EB-4F3A-47C1-91F4-EAC69A3E3E92}.Ad-Hoc|iPhone.ActiveCfg = Release|Any CPU
		{B6BF60EB-4F3A-47C1-91F4-EAC69A3E3E92}.Ad-Hoc|iPhoneSimulator.ActiveCfg = Release|Any CPU
		{B6BF60EB-4F3A-47C1-91F4-EAC69A3E3E92}.Ad-Hoc|Mixed Platforms.ActiveCfg = Release|x86
		{B6BF60EB-4F3A-47C1-91F4-EAC69A3E3E92}.Ad-Hoc|Mixed Platforms.Build.0 = Release|x86
		{B6BF60EB-4F3A-47C1-91F4-EAC69A3E3E92}.Ad-Hoc|Mixed Platforms.Deploy.0 = Release|x86
		{B6BF60EB-4F3A-47C1-91F4-EAC69A3E3E92}.Ad-Hoc|x64.ActiveCfg = Release|x64
		{B6BF60EB-4F3A-47C1-91F4-EAC69A3E3E92}.Ad-Hoc|x64.Build.0 = Release|x64
		{B6BF60EB-4F3A-47C1-91F4-EAC69A3E3E92}.Ad-Hoc|x64.Deploy.0 = Release|x64
		{B6BF60EB-4F3A-47C1-91F4-EAC69A3E3E92}.Ad-Hoc|x86.ActiveCfg = Release|x86
		{B6BF60EB-4F3A-47C1-91F4-EAC69A3E3E92}.Ad-Hoc|x86.Build.0 = Release|x86
		{B6BF60EB-4F3A-47C1-91F4-EAC69A3E3E92}.Ad-Hoc|x86.Deploy.0 = Release|x86
		{B6BF60EB-4F3A-47C1-91F4-EAC69A3E3E92}.AppStore|Any CPU.ActiveCfg = Release|Any CPU
		{B6BF60EB-4F3A-47C1-91F4-EAC69A3E3E92}.AppStore|Any CPU.Build.0 = Release|Any CPU
		{B6BF60EB-4F3A-47C1-91F4-EAC69A3E3E92}.AppStore|Any CPU.Deploy.0 = Release|Any CPU
		{B6BF60EB-4F3A-47C1-91F4-EAC69A3E3E92}.AppStore|ARM.ActiveCfg = Release|ARM
		{B6BF60EB-4F3A-47C1-91F4-EAC69A3E3E92}.AppStore|ARM.Build.0 = Release|ARM
		{B6BF60EB-4F3A-47C1-91F4-EAC69A3E3E92}.AppStore|ARM.Deploy.0 = Release|ARM
		{B6BF60EB-4F3A-47C1-91F4-EAC69A3E3E92}.AppStore|iPhone.ActiveCfg = Release|Any CPU
		{B6BF60EB-4F3A-47C1-91F4-EAC69A3E3E92}.AppStore|iPhoneSimulator.ActiveCfg = Release|Any CPU
		{B6BF60EB-4F3A-47C1-91F4-EAC69A3E3E92}.AppStore|Mixed Platforms.ActiveCfg = Release|x86
		{B6BF60EB-4F3A-47C1-91F4-EAC69A3E3E92}.AppStore|Mixed Platforms.Build.0 = Release|x86
		{B6BF60EB-4F3A-47C1-91F4-EAC69A3E3E92}.AppStore|Mixed Platforms.Deploy.0 = Release|x86
		{B6BF60EB-4F3A-47C1-91F4-EAC69A3E3E92}.AppStore|x64.ActiveCfg = Release|x64
		{B6BF60EB-4F3A-47C1-91F4-EAC69A3E3E92}.AppStore|x64.Build.0 = Release|x64
		{B6BF60EB-4F3A-47C1-91F4-EAC69A3E3E92}.AppStore|x64.Deploy.0 = Release|x64
		{B6BF60EB-4F3A-47C1-91F4-EAC69A3E3E92}.AppStore|x86.ActiveCfg = Release|x86
		{B6BF60EB-4F3A-47C1-91F4-EAC69A3E3E92}.AppStore|x86.Build.0 = Release|x86
		{B6BF60EB-4F3A-47C1-91F4-EAC69A3E3E92}.AppStore|x86.Deploy.0 = Release|x86
		{B6BF60EB-4F3A-47C1-91F4-EAC69A3E3E92}.Debug|Any CPU.ActiveCfg = Debug|Any CPU
		{B6BF60EB-4F3A-47C1-91F4-EAC69A3E3E92}.Debug|Any CPU.Build.0 = Debug|Any CPU
		{B6BF60EB-4F3A-47C1-91F4-EAC69A3E3E92}.Debug|Any CPU.Deploy.0 = Debug|Any CPU
		{B6BF60EB-4F3A-47C1-91F4-EAC69A3E3E92}.Debug|ARM.ActiveCfg = Debug|ARM
		{B6BF60EB-4F3A-47C1-91F4-EAC69A3E3E92}.Debug|ARM.Build.0 = Debug|ARM
		{B6BF60EB-4F3A-47C1-91F4-EAC69A3E3E92}.Debug|ARM.Deploy.0 = Debug|ARM
		{B6BF60EB-4F3A-47C1-91F4-EAC69A3E3E92}.Debug|iPhone.ActiveCfg = Debug|Any CPU
		{B6BF60EB-4F3A-47C1-91F4-EAC69A3E3E92}.Debug|iPhoneSimulator.ActiveCfg = Debug|Any CPU
		{B6BF60EB-4F3A-47C1-91F4-EAC69A3E3E92}.Debug|Mixed Platforms.ActiveCfg = Debug|x86
		{B6BF60EB-4F3A-47C1-91F4-EAC69A3E3E92}.Debug|Mixed Platforms.Build.0 = Debug|x86
		{B6BF60EB-4F3A-47C1-91F4-EAC69A3E3E92}.Debug|Mixed Platforms.Deploy.0 = Debug|x86
		{B6BF60EB-4F3A-47C1-91F4-EAC69A3E3E92}.Debug|x64.ActiveCfg = Debug|x64
		{B6BF60EB-4F3A-47C1-91F4-EAC69A3E3E92}.Debug|x64.Build.0 = Debug|x64
		{B6BF60EB-4F3A-47C1-91F4-EAC69A3E3E92}.Debug|x64.Deploy.0 = Debug|x64
		{B6BF60EB-4F3A-47C1-91F4-EAC69A3E3E92}.Debug|x86.ActiveCfg = Debug|x86
		{B6BF60EB-4F3A-47C1-91F4-EAC69A3E3E92}.Debug|x86.Build.0 = Debug|x86
		{B6BF60EB-4F3A-47C1-91F4-EAC69A3E3E92}.Debug|x86.Deploy.0 = Debug|x86
		{B6BF60EB-4F3A-47C1-91F4-EAC69A3E3E92}.Release|Any CPU.ActiveCfg = Release|Any CPU
		{B6BF60EB-4F3A-47C1-91F4-EAC69A3E3E92}.Release|Any CPU.Build.0 = Release|Any CPU
		{B6BF60EB-4F3A-47C1-91F4-EAC69A3E3E92}.Release|Any CPU.Deploy.0 = Release|Any CPU
		{B6BF60EB-4F3A-47C1-91F4-EAC69A3E3E92}.Release|ARM.ActiveCfg = Release|ARM
		{B6BF60EB-4F3A-47C1-91F4-EAC69A3E3E92}.Release|ARM.Build.0 = Release|ARM
		{B6BF60EB-4F3A-47C1-91F4-EAC69A3E3E92}.Release|ARM.Deploy.0 = Release|ARM
		{B6BF60EB-4F3A-47C1-91F4-EAC69A3E3E92}.Release|iPhone.ActiveCfg = Release|Any CPU
		{B6BF60EB-4F3A-47C1-91F4-EAC69A3E3E92}.Release|iPhoneSimulator.ActiveCfg = Release|Any CPU
		{B6BF60EB-4F3A-47C1-91F4-EAC69A3E3E92}.Release|Mixed Platforms.ActiveCfg = Release|x86
		{B6BF60EB-4F3A-47C1-91F4-EAC69A3E3E92}.Release|Mixed Platforms.Build.0 = Release|x86
		{B6BF60EB-4F3A-47C1-91F4-EAC69A3E3E92}.Release|Mixed Platforms.Deploy.0 = Release|x86
		{B6BF60EB-4F3A-47C1-91F4-EAC69A3E3E92}.Release|x64.ActiveCfg = Release|x64
		{B6BF60EB-4F3A-47C1-91F4-EAC69A3E3E92}.Release|x64.Build.0 = Release|x64
		{B6BF60EB-4F3A-47C1-91F4-EAC69A3E3E92}.Release|x64.Deploy.0 = Release|x64
		{B6BF60EB-4F3A-47C1-91F4-EAC69A3E3E92}.Release|x86.ActiveCfg = Release|x86
		{B6BF60EB-4F3A-47C1-91F4-EAC69A3E3E92}.Release|x86.Build.0 = Release|x86
		{B6BF60EB-4F3A-47C1-91F4-EAC69A3E3E92}.Release|x86.Deploy.0 = Release|x86
		{8FDF1D8C-BD49-40BD-B04A-9FDBD0AFE088}.Ad-Hoc|Any CPU.ActiveCfg = Release|Any CPU
		{8FDF1D8C-BD49-40BD-B04A-9FDBD0AFE088}.Ad-Hoc|Any CPU.Build.0 = Release|Any CPU
		{8FDF1D8C-BD49-40BD-B04A-9FDBD0AFE088}.Ad-Hoc|Any CPU.Deploy.0 = Release|Any CPU
		{8FDF1D8C-BD49-40BD-B04A-9FDBD0AFE088}.Ad-Hoc|ARM.ActiveCfg = Release|Any CPU
		{8FDF1D8C-BD49-40BD-B04A-9FDBD0AFE088}.Ad-Hoc|iPhone.ActiveCfg = Release|Any CPU
		{8FDF1D8C-BD49-40BD-B04A-9FDBD0AFE088}.Ad-Hoc|iPhoneSimulator.ActiveCfg = Release|Any CPU
		{8FDF1D8C-BD49-40BD-B04A-9FDBD0AFE088}.Ad-Hoc|Mixed Platforms.ActiveCfg = Release|Any CPU
		{8FDF1D8C-BD49-40BD-B04A-9FDBD0AFE088}.Ad-Hoc|Mixed Platforms.Build.0 = Release|Any CPU
		{8FDF1D8C-BD49-40BD-B04A-9FDBD0AFE088}.Ad-Hoc|Mixed Platforms.Deploy.0 = Release|Any CPU
		{8FDF1D8C-BD49-40BD-B04A-9FDBD0AFE088}.Ad-Hoc|x64.ActiveCfg = Release|Any CPU
		{8FDF1D8C-BD49-40BD-B04A-9FDBD0AFE088}.Ad-Hoc|x86.ActiveCfg = Release|Any CPU
		{8FDF1D8C-BD49-40BD-B04A-9FDBD0AFE088}.AppStore|Any CPU.ActiveCfg = Release|Any CPU
		{8FDF1D8C-BD49-40BD-B04A-9FDBD0AFE088}.AppStore|Any CPU.Build.0 = Release|Any CPU
		{8FDF1D8C-BD49-40BD-B04A-9FDBD0AFE088}.AppStore|Any CPU.Deploy.0 = Release|Any CPU
		{8FDF1D8C-BD49-40BD-B04A-9FDBD0AFE088}.AppStore|ARM.ActiveCfg = Release|Any CPU
		{8FDF1D8C-BD49-40BD-B04A-9FDBD0AFE088}.AppStore|iPhone.ActiveCfg = Release|Any CPU
		{8FDF1D8C-BD49-40BD-B04A-9FDBD0AFE088}.AppStore|iPhoneSimulator.ActiveCfg = Release|Any CPU
		{8FDF1D8C-BD49-40BD-B04A-9FDBD0AFE088}.AppStore|Mixed Platforms.ActiveCfg = Release|Any CPU
		{8FDF1D8C-BD49-40BD-B04A-9FDBD0AFE088}.AppStore|Mixed Platforms.Build.0 = Release|Any CPU
		{8FDF1D8C-BD49-40BD-B04A-9FDBD0AFE088}.AppStore|Mixed Platforms.Deploy.0 = Release|Any CPU
		{8FDF1D8C-BD49-40BD-B04A-9FDBD0AFE088}.AppStore|x64.ActiveCfg = Release|Any CPU
		{8FDF1D8C-BD49-40BD-B04A-9FDBD0AFE088}.AppStore|x86.ActiveCfg = Release|Any CPU
		{8FDF1D8C-BD49-40BD-B04A-9FDBD0AFE088}.Debug|Any CPU.ActiveCfg = Debug|Any CPU
		{8FDF1D8C-BD49-40BD-B04A-9FDBD0AFE088}.Debug|Any CPU.Build.0 = Debug|Any CPU
		{8FDF1D8C-BD49-40BD-B04A-9FDBD0AFE088}.Debug|Any CPU.Deploy.0 = Debug|Any CPU
		{8FDF1D8C-BD49-40BD-B04A-9FDBD0AFE088}.Debug|ARM.ActiveCfg = Debug|Any CPU
		{8FDF1D8C-BD49-40BD-B04A-9FDBD0AFE088}.Debug|iPhone.ActiveCfg = Debug|Any CPU
		{8FDF1D8C-BD49-40BD-B04A-9FDBD0AFE088}.Debug|iPhoneSimulator.ActiveCfg = Debug|Any CPU
		{8FDF1D8C-BD49-40BD-B04A-9FDBD0AFE088}.Debug|Mixed Platforms.ActiveCfg = Debug|Any CPU
		{8FDF1D8C-BD49-40BD-B04A-9FDBD0AFE088}.Debug|Mixed Platforms.Build.0 = Debug|Any CPU
		{8FDF1D8C-BD49-40BD-B04A-9FDBD0AFE088}.Debug|Mixed Platforms.Deploy.0 = Debug|Any CPU
		{8FDF1D8C-BD49-40BD-B04A-9FDBD0AFE088}.Debug|x64.ActiveCfg = Debug|Any CPU
		{8FDF1D8C-BD49-40BD-B04A-9FDBD0AFE088}.Debug|x86.ActiveCfg = Debug|Any CPU
		{8FDF1D8C-BD49-40BD-B04A-9FDBD0AFE088}.Release|Any CPU.ActiveCfg = Release|Any CPU
		{8FDF1D8C-BD49-40BD-B04A-9FDBD0AFE088}.Release|Any CPU.Build.0 = Release|Any CPU
		{8FDF1D8C-BD49-40BD-B04A-9FDBD0AFE088}.Release|Any CPU.Deploy.0 = Release|Any CPU
		{8FDF1D8C-BD49-40BD-B04A-9FDBD0AFE088}.Release|ARM.ActiveCfg = Release|Any CPU
		{8FDF1D8C-BD49-40BD-B04A-9FDBD0AFE088}.Release|iPhone.ActiveCfg = Release|Any CPU
		{8FDF1D8C-BD49-40BD-B04A-9FDBD0AFE088}.Release|iPhoneSimulator.ActiveCfg = Release|Any CPU
		{8FDF1D8C-BD49-40BD-B04A-9FDBD0AFE088}.Release|Mixed Platforms.ActiveCfg = Release|Any CPU
		{8FDF1D8C-BD49-40BD-B04A-9FDBD0AFE088}.Release|Mixed Platforms.Build.0 = Release|Any CPU
		{8FDF1D8C-BD49-40BD-B04A-9FDBD0AFE088}.Release|Mixed Platforms.Deploy.0 = Release|Any CPU
		{8FDF1D8C-BD49-40BD-B04A-9FDBD0AFE088}.Release|x64.ActiveCfg = Release|Any CPU
		{8FDF1D8C-BD49-40BD-B04A-9FDBD0AFE088}.Release|x86.ActiveCfg = Release|Any CPU
	EndGlobalSection
	GlobalSection(SolutionProperties) = preSolution
		HideSolutionNode = FALSE
	EndGlobalSection
	GlobalSection(MonoDevelopProperties) = preSolution
		StartupItem = MyApplication\MyApplication.Core\MyApplication.Core.csproj
	EndGlobalSection
EndGlobal
